{
  "name": "equinox-backend",
  "version": "1.0.0",
  "lockfileVersion": 2,
  "requires": true,
  "packages": {
    "": {
      "name": "equinox-backend",
      "version": "1.0.0",
      "license": "MIT",
      "dependencies": {
        "@project-serum/anchor": "^0.26.0",
        "@solana/web3.js": "^1.87.6",
        "express": "^4.18.2",
        "stockfish.wasm": "^0.0.2"
      },
      "devDependencies": {
        "dotenv": "^16.3.1",
        "jest": "^29.7.0",
        "nodemon": "^3.0.1",
        "supertest": "^6.3.3"
      }
    },
    "node_modules/@project-serum/anchor": {
      "version": "0.26.0",
      "resolved": "https://registry.npmjs.org/@project-serum/anchor/-/anchor-0.26.0.tgz",
      "integrity": "sha512-05W3pvW7HLtHloq4O60BMZeL3m5QzIuZX5g0vun19lN2IMq0+Wit5F2s0d2DM0qQv2hC3HpvQFDsDHcQH1p0B3w==",
      "dependencies": {
        "@solana/web3.js": "^1.87.6",
        "base64-js": "^1.5.1",
        "bn.js": "^5.2.1",
        "bs58": "^4.0.1"
      }
    },
    "node_modules/@solana/web3.js": {
      "version": "1.87.6",
      "resolved": "https://registry.npmjs.org/@solana/web3.js/-/web3.js-1.87.6.tgz",
      "integrity": "sha512-Jl7f5Vt64N9o6M4X2b2QHsMKAvs8a+3b7E3o8f3gK4o4TD+1UBVSk6Z9ZSWJaM4TBR6dtmcy/+ag7laNTdSGIKA==",
      "dependencies": {
        "bn.js": "^5.2.1",
        "bs58": "^4.0.1",
        "buffer": "^6.0.3"
      }
    },
    "node_modules/express": {
      "version": "4.18.2",
      "resolved": "https://registry.npmjs.org/express/-/express-4.18.2.tgz",
      "integrity": "sha512-5/PsL6iGPdfQ/lKM1UuielYgv3BUoJfz1aUwU9vHZ+J7gyvwdQXFEBIEIaxeGf0GIcreATNyBExtalisDbuMqQ==",
      "dependencies": {
        "accepts": "~1.3.8",
        "body-parser": "1.20.1",
        "content-type": "~1.0.4"
      }
    },
    "node_modules/stockfish.wasm": {
      "version": "0.0.2",
      "resolved": "https://registry.npmjs.org/stockfish.wasm/-/stockfish.wasm-0.0.2.tgz",
      "integrity": "sha512-XYZ/PlaceholderIntegrityHashForStockfishWasm=="
    },
    "node_modules/dotenv": {
      "version": "16.3.1",
      "resolved": "https://registry.npmjs.org/dotenv/-/dotenv-16.3.1.tgz",
      "integrity": "sha512-WF1uPa6K0aO2X+iYx1q21k+weR3AtT+wp2Os79B6X1o4AvN8T+BS59fT+7bWJgmbwO7G+1gTfZEvDBqg2hR7BJQ==",
      "dev": true
    },
    "node_modules/jest": {
      "version": "29.7.0",
      "resolved": "https://registry.npmjs.org/jest/-/jest-29.7.0.tgz",
      "integrity": "sha512-N7NW3S9H3CYz4H6OIR5XVAhd4O9Va47dms9c3j0K1TeOQ7m4Y3IWLTcUL0UcO4xX2X0U3iM/M0++QSKo79k6DLA==",
      "dev": true,
      "dependencies": {
        "@jest/core": "^29.7.0",
        "@jest/types": "^29.6.3"
      }
    },
    "node_modules/nodemon": {
      "version": "3.0.1",
      "resolved": "https://registry.npmjs.org/nodemon/-/nodemon-3.0.1.tgz",
      "integrity": "sha512-g9AZ7HmkhQkqXkRc20w+ZfQ73cHLbE8hnPbtaFbFtCumZsjyMhKk9LajQ07U5Ux28lvFjZ5X7HvWR1xzU8jHVwA==",
      "dev": true
    },
    "node_modules/supertest": {
      "version": "6.3.3",
      "resolved": "https://registry.npmjs.org/supertest/-/supertest-6.3.3.tgz",
      "integrity": "sha512-EMCG6G8gDu5qEqRQ3JjjPs6+FYT1a7Hv5ApHvtSghmOFJYtsU5S+pSb6Y2EUeCEY3cmOLPqA0OdfIgPyaxECpSw==",
      "dev": true,
      "dependencies": {
        "methods": "^1.1.2",
        "superagent": "^8.0.5"
      }
    }
  },
  "dependencies": {
    "@project-serum/anchor": {
      "version": "0.26.0",
      "resolved": "https://registry.npmjs.org/@project-serum/anchor/-/anchor-0.26.0.tgz",
      "integrity": "sha512-05W3pvW7HLtHloq4O60BMZeL3m5QzIuZX5g0vXb8v3eW8u3eW8u3eW8u3eW8u3eW8u3eW8u3eW8u3eW8u3eW8u3eW8u3eW8u3eW8u3eW8u3eW8u3eW8u3eW8u3eW8u3eW8u3eW8u3eW8u3eW8u3eW8u3eW8u3eW8u3eW8u3eW8u3eW8u3eW8u3eW8u3eW8u3eW8u3eW8u3eW8u3eW8u3eW8u3eW8u3eW8u3eW8u3eW8u3eW8u3eW8u3eW8u3eW8u3eW8u3eW8u3eW8u3eW8u3eW8u3eW8u3eW8u3eW8u3eW8u3eW8u3eW8u3eW8u3eW8u3eW8u3eW8u3eW8u3eW8u3eW8u3eW8u3eW8u3eW8u3eW8u3eW8u3eW8u3eW8u3eW8u3eW8u3eW8u3eW8u3eW8u3eW8u3eW8u3eW8u3eW8u3eW8u3eW8u3eW8u3eW8u3eW8u3eW8u3eW8u3eW8u3eW8u3eW8u3eW8u3eW8u3eW8u3eW8u3eW8u3eW8u3eW8u3eW8u3eW8u3eW8u3eW8u3eW8u3eW8u3eW8u3eW8u3eW8u3eW8u3eW8u3eW8u3eW8u3eW8u3eW8u3eW8u3eW8u3eW8u3eW8u3eW8u3eW8u3eW8u3eW8u3eW8u3eW8u3eW8u3eW8u3eW8u3eW8u3eW8u3eW8u3eW8u3eW8u3eW8u3eW8u3eW8u3eW8u3eW8u3eW8u3eW8u3eW8u3eW8u3eW8u3eW8u3eW8u3eW8u3eW8u3eW8u3eW8u3eW8u3eW8u3eW8u3eW8u3eW8u3eW8u3eW8u3eW8u3eW8u3eW8u3eW8u3eW8u3eW8u3eW8u3eW8u3eW8u3eW8u3eW8u3eW8u3eW8u3eW8u3eW8u3eW8u3eW8u3eW8u3eW8u3eW8u3eW8u3eW8u3eW8u3eW8u3eW8u3eW8u3eW8u3eW8u3eW8u3eW8u3eW8u3eW8u3eW8u3eW8u3eW8u3eW8u3eW8u3eW8u3eW8u3eW8u3eW8u3eW8u3eW8u3eW8u3eW8u3eW8u3eW8u3eW8u3eW8u3eW8u3eW8u3eW8u3eW8u3eW8u3eW8u3eW8u3eW8u3eW8u3eW8u3eW8u3eW8u3eW8u3eW8u3eW8u3eW8u3eW8u3eW8u3eW8u3eW8u3eW8u3eW8u3eW8u3eW8u3eW8u3eW8u3eW8u3eW8u3eW8u3eW8u3eW8u3eW8u3eW8u3eW8u3eW8u3eW8u3eW8u3eW8u3eW8u3eW8u3eW8u3eW8u3eW8u3eW8u3eW8u3eW8u3eW8u3eW8u3eW8u3eW8u3eW8u3eW8u3eW8u3eW8u3eW8u3eW8u3eW8u3eW8u3eW8u3eW8u3eW8u3eW8u3eW8u3eW8u3eW8u3eW8u3eW8u3eW8u3eW8u3eW8u3eW8u3eW8u3eW8u3eW8u3eW8u3eW8u3eW8u3eW8u3eW8u3eW8u3eW8u3eW8u3eW8u3eW8u3eW8u3eW8u3eW8u3eW8u3eW8u3eW8u3eW8u3eW8u3eW8u3eW8u3eW8u3eW8u3eW8u3eW8u3eW8u3eW8u3eW8u3eW8u3eW8u3eW8u3eW8u3eW8u3eW8u3eW8u3eW8u3eW8u3eW8u3eW8u3eW8u3eW8u3eW8u3eW8u3eW8u3eW8u3eW8u3eW8u3eW8u3eW8u3eW8u3eW8u3eW8u3eW8u3eW8u3eW8u3eW8u3eW8u3eW8u3eW8u3eW8u3eW8u3eW8u3eW8u3eW8u3eW8u3eW8u3eW8u3eW8u3eW8u3eW8u3eW8u3eW8u3eW8u3eW8u3eW8u3eW8u3eW8u3eW8u3eW8u3eW8u3eW8u3eW8u3eW8u3eW8u3eW8u3eW8u3eW8u3eW8u3eW8u3eW8u3eW8u3eW8u3eW8u3eW8u3eW8u3eW8u3eW8u3eW8u3eW8u3eW8u3eW8u3eW8u3eW8u3eW8u3eW8u3eW8u3eW8u3eW8u3eW8u3eW8u3eW8u3eW8u3eW8u3eW8u3eW8u3eW8u3eW8u3eW8u3eW8u3eW8u3eW8u3eW8u3eW8u3eW8u3eW8u3eW8u3eW8u3eW8u3eW8u3eW8u3eW8u3eW8u3eW8u3eW8u3eW8u3eW8u3eW8u3eW8u3eW8u3eW8u3eW8u3eW8u3eW8u3eW8u3eW8u3eW8u3eW8u3eW8u3eW8u3eW8u3eW8u3eW8u3eW8u3eW8u3eW8u3eW8u3eW8u3eW8u3eW8u3eW8u3eW8u3eW8u3eW8u3eW8u3eW8u3eW8u3eW8u3eW8u3eW8u3eW8u3eW8u3eW8u3eW8u3eW8u3eW8u3eW8u3eW8u3eW8u3eW8u3eW8u3eW8u3eW8u3eW8u3eW8u3eW8u3eW8u3eW8u3eW8u3eW8u3eW8u3eW8u3eW8u3eW8u3eW8u3eW8u3eW8u3eW8u3eW8u3eW8u3eW8u3eW8u3eW8u3eW8u3eW8u3eW8u3eW8u3eW8u3eW8u3eW8u3eW8u3eW8u3eW8u3eW8u3eW8u3eW8u3eW8u3eW8u3eW8u3eW8u3eW8u3eW8u3eW8u3eW8u3eW8u3eW8u3eW8u3eW8u3eW8u3eW8u3eW8u3eW8u3eW8u3eW8u3eW8u3eW8u3eW8u3eW8u3eW8u3eW8u3eW8u3eW8u3eW8u3eW8u3eW8u3eW8u3eW8u3eW8u3eW8u3eW8u3eW8u3eW8u3eW8u3eW8u3eW8u3eW8u3eW8u3eW8u3eW8u3eW8u3eW8u3eW8u3eW8u3eW8u3eW8u3eW8u3eW8u3eW8u3eW8u3eW8u3eW8u3eW8u3eW8u3eW8u3eW8u3eW8u3eW8u3eW8u3eW8u3eW8u3eW8u3eW8u3eW8u3eW8u3eW8u3eW8u3eW8u3eW8u3eW8u3eW8u3eW8u3eW8u3eW8u3eW8u3eW8u3eW8u3eW8u3eW8u3eW8u3eW8u3eW8u3eW8u3eW8u3eW8u3eW8u3eW8u3eW8u3eW8u3eW8u3eW8u3eW8u3eW8u3eW8u3eW8u3eW8u3eW8u3eW8u3eW8u3eW8u3eW8u3eW8u3eW8u3eW8u3eW8u3eW8u3eW8u3eW8u3eW8u3eW8u3eW8u3eW8u3eW8u3eW8u3eW8u3eW8u3eW8u3eW8u3eW8u3eW8u3eW8u3eW8u3eW8u3eW8u3eW8u3eW8u3eW8u3eW8u3eW8u3eW8u3eW8u3eW8u3eW8u3eW8u3eW8u3eW8u3eW8u3eW8u3eW8u3eW8u3eW8u3eW8u3eW8u3eW8u3eW8u3eW8u3eW8u3eW8u3eW8u3eW8u3eW8u3eW8u3eW8u3eW8u3eW8u3eW8u3eW8u3eW8u3eW8u3eW8u3eW8u3eW8u3eW8u3eW8u3eW8u3eW8u3eW8u3eW8u3eW8u3eW8u3eW8u3eW8u3eW8u3eW8u3eW8u3eW8u3eW8u3eW8u3eW8u3eW8u3eW8u3eW8u3eW8u3eW8u3eW8u3eW8u3eW8u3eW8u3eW8u3eW8u3eW8u3eW8u3eW8u3eW8u3eW8u3eW8u3eW8u3eW8u3eW8u3eW8u3eW8u3eW8u3eW8u3eW8u3eW8u3eW8u3eW8u3eW8u3eW8u3eW8u3eW8u3eW8u3eW8u3eW8u3eW8u3eW8u3eW8u3eW8u3eW8u3eW8u3eW8u3eW8u3eW8u3eW8u3eW8u3eW8u3eW8u3eW8u3eW8u3eW8u3eW8u3eW8u3eW8u3eW8u3eW8u3eW8u3eW8u3eW8u3eW8u3eW8u3eW8u3eW8u3eW8u3eW8u3eW8u3eW8u3eW8u3eW8u3eW8u3eW8u3eW8u3eW8u3eW8u3eW8u3eW8u3eW8u3eW8u3eW8u3eW8u3eW8u3eW8u3eW8u3eW8u3eW8u3eW8u3eW8u3eW8u3eW8u3eW8u3eW8u3eW8u3eW8u3eW8u3eW8u3eW8u3eW8u3eW8u3eW8u3eW8u3eW8u3eW8u3eW8u3eW8u3eW8u3eW8u3eW8u3eW8u3eW8u3eW8u3eW8u3eW8u3eW8u3eW8u3eW8u3eW8u3eW8u3eW8u3eW8u3eW8u3eW8u3eW8u3eW8u3eW8u3eW8u3eW8u3eW8u3eW8u3eW8u3eW8u3eW8u3eW8u3eW8u3eW8u3eW8u3eW8u3eW8u3eW8u3eW8u3eW8u3eW8u3eW8u3eW8u3eW8u3eW8u3eW8u3eW8u3eW8u3eW8u3eW8u3eW8u3eW8u3eW8u3eW8u3eW8u3eW8u3eW8u3eW8u3eW8u3eW8u3eW8u3eW8u3eW8u3eW8u3eW8u3eW8u3eW8u3eW8u3eW8u3eW8u3eW8u3eW8u3eW8u3eW8u3eW8u3eW8u3eW8u3eW8u3eW8u3eW8u3eW8u3eW8u3eW8u3eW8u3eW8u3eW8u3eW8u3eW8u3eW8u3eW8u3eW8u3eW8u3eW8u3eW8u3eW8u3eW8u3eW8u3eW8u3eW8u3eW8u3eW8u3eW8u3eW8u3eW8u3eW8u3eW8u3eW8u3eW8u3eW8u3eW8u3eW8u3eW8u3eW8u3eW8u3eW8u3eW8u3eW8u3eW8u3eW8u3eW8u3eW8u3eW8u3eW8u3eW8u3eW8u3eW8u3eW8u3eW8u3eW8u3eW8u3eW8u3eW8u3eW8u3eW8u3eW8u3eW8u3eW8u3eW8u3eW8u3eW8u3eW8u3eW8u3eW8u3eW8u3eW8u3eW8u3eW8u3eW8u3eW8u3eW8u3eW8u3eW8u3eW8u3eW8u3eW8u3eW8u3eW8u3eW8u3eW8u3eW8u3eW8u3eW8u3eW8u3eW8u3eW8u3eW8u3eW8u3eW8u3eW8u3eW8u3eW8u3eW8u3eW8u3eW8u3eW8u3eW8u3eW8u3eW8u3eW8u3eW8u3eW8u3eW8u3eW8u3eW8u3eW8u3eW8u3eW8u3eW8u3eW8u3eW8u3eW8u3eW8u3eW8u3eW8u3eW8u3eW8u3eW8u3eW8u3eW8u3eW8u3eW8u3eW8u3eW8u3eW8u3eW8u3eW8u3eW8u3eW8u3eW8u3eW8u3eW8u3eW8u3eW8u3eW8u3eW8u3eW8u3eW8u3eW8u3eW8u3eW8u3eW8u3eW8u3eW8u3eW8u3eW8u3eW8u3eW8u3eW8u3eW8u3eW8u3eW8u3eW8u3eW8u3eW8u3eW8u3eW8u3eW8u3eW8u3eW8u3eW8u3eW8u3eW8u3eW8u3eW8u3eW8u3eW8u3eW8u3eW8u3eW8u3eW8u3eW8u3eW8u3eW8u3eW8u3eW8u3eW8u3eW8u3eW8u3eW8u3eW8u3eW8u3eW8u3eW8u3eW8u3eW8u3eW8u3eW8u3eW8u3eW8u3eW8u3eW8u3eW8u3eW8u3eW8u3eW8u3eW8u3eW8u3eW8u3eW8u3eW8u3eW8u3eW8u3eW8u3eW8u3eW8u3eW8u3eW8u3eW8u3eW8u3eW8u3eW8u3eW8u3eW8u3eW8u3eW8u3eW8u3eW8u3eW8u3eW8u3eW8u3eW8u3eW8u3eW8u3eW8u3eW8u3eW8u3eW8u3eW8u3eW8u3eW8u3eW8u3eW8u3eW8u3eW8u3eW8u3eW8u3eW8u3eW8u3eW8u3eW8u3eW8u3eW8u3eW8u3eW8u3eW8u3eW8u3eW8u3eW8u3eW8u3eW8u3eW8u3eW8u3eW8u3eW8u3eW8u3eW8u3eW8u3eW8u3eW8u3eW8u3eW8u3eW8u3eW8u3eW8u3eW8u3eW8u3eW8u3eW8u3eW8u3eW8u3eW8u3eW8u3eW8u3eW8u3eW8u3eW8u3eW8u3eW8u3eW8u3eW8u3eW8u3eW8u3eW8u3eW8u3eW8u3eW8u3eW8u3eW8u3eW8u3eW8u3eW8u3eW8u3eW8u3eW8u3eW8u3eW8u3eW8u3eW8u3eW8u3eW8u3eW8u3eW8u3eW8u3eW8u3eW8u3eW8u3eW8u3eW8u3eW8u3eW8u3eW8u3eW8u3eW8u3eW8u3eW8u3eW8u3eW8u3eW8u3eW8u3eW8u3eW8u3eW8u3eW8u3eW8u3eW8u3eW8u3eW8u3eW8u3eW8u3eW8u3eW8u3eW8u3eW8u3eW8u3eW8u3eW8u3eW8u3eW8u3eW8u3eW8u3eW8u3eW8u3eW8u3eW8u3eW8u3eW8u3eW8u3eW8u3eW8u3eW8u3eW8u3eW8u3eW8u3eW8u3eW8u3eW8u3eW8u3eW8u3eW8u3eW8u3eW8u3eW8u3eW8u3eW8u3eW8u3eW8u3eW8u3eW8u3eW8u3eW8u3eW8u3eW8u3eW8u3eW8u3eW8u3eW8u3eW8u3eW8u3eW8u3eW8u3eW8u3eW8u3eW8u3eW8u3eW8u3eW8u3eW8u3eW8u3eW8u3eW8u3eW8u3eW8u3eW8u3eW8u3eW8u3eW8u3eW8u3eW8u3eW8u3eW8u3eW8u3eW8u3eW8u3eW8u3eW8u3eW8u3eW8u3eW8u3eW8u3eW8u3eW8u3eW8u3eW8u3eW8u3eW8u3eW8u3eW8u3eW8u3eW8u3eW8u3eW8u3eW8u3eW8u3eW8u3eW8u3eW8u3eW8u3eW8u3eW8u3eW8u3eW8u3eW8u3eW8u3eW8u3eW8u3eW8u3eW8u3eW8u3eW8u3eW8u3eW8u3eW8u3eW8u3eW8u3eW8u3eW8u3eW8u3eW8u3eW8u3eW8u3eW8u3eW8u3eW8u3eW8u3eW8u3eW8u3eW8u3eW8u3eW8u3eW8u3eW8u3eW8u3eW8u3eW8u3eW8u3eW8u3eW8u3eW8u3eW8u3eW8u3eW8u3eW8u3eW8u3eW8u3eW8u3eW8u3eW8u3eW8u3eW8u3eW8u3eW8u3eW8u3eW8u3eW8u3eW8u3eW8u3eW8u3eW8u3eW8u3eW8u3eW8u3eW8u3eW8u3eW8u3eW8u3eW8u3eW8u3eW8u3eW8u3eW8u3eW8u3eW8u3eW8u3eW8u3eW8u3eW8u3eW8u3eW8u3eW8u3eW8u3eW8u3eW8u3eW8u3eW8u3eW8u3eW8u3eW8u3eW8u3eW8u3eW8u3eW8u3eW8u3eW8u3eW8u3eW8u3eW8u3eW8u3eW8u3eW8u3eW8u3eW8u3eW8u3eW8u3eW8u3eW8u3eW8u3eW8u3eW8u3eW8u3eW8u3eW8u3eW8u3eW8u3eW8u3eW8u3eW8u3eW8u3eW8u3eW8u3eW8u3eW8u3eW8u3eW8u3eW8u3eW8u3eW8u3eW8u3eW8u3eW8u3eW8u3eW8u3eW8u3eW8u3eW8u3eW8u3eW8u3eW8u3eW8u3eW8u3eW8u3eW8u3eW8u3eW8u3eW8u3eW8u3eW8u3eW8u3eW8u3eW8u3eW8u3eW8u3eW8u3eW8u3eW8u3eW8u3eW8u3eW8u3eW8u3eW8u3eW8u3eW8u3eW8u3eW8u3eW8u3eW8u3eW8u3eW8u3eW8u3eW8u3eW8u3eW8u3eW8u3eW8u3eW8u3eW8u3eW8u3eW8u3eW8u3eW8u3eW8u3eW8u3eW8u3eW8u3eW8u3eW8u3eW8u3eW8u3eW8u3eW8u3eW8u3eW8u3eW8u3eW8u3eW8u3eW8u3eW8u3eW8u3eW8u3eW8u3eW8u3eW8u3eW8u3eW8u3eW8u3eW8u3eW8u3eW8u3eW8u3eW8u3eW8u3eW8u3eW8u3eW8u3eW8u3eW8u3eW8u3eW8u3eW8u3eW8u3eW8u3eW8u3eW8u3eW8u3eW8u3eW8u3eW8u3eW8u3eW8u3eW8u3eW8u3eW8u3eW8u3eW8u3eW8u3eW8u3eW8u3eW8u3eW8u3eW8u3eW8u3eW8u3eW8u3eW8u3eW8u3eW8u3eW8u3eW8u3eW8u3eW8u3eW8u3eW8u3eW8u3eW8u3eW8u3eW8u3eW8u3eW8u3eW8u3eW8u3eW8u3eW8u3eW8u3eW8u3eW8u3eW8u3eW8u3eW8u3eW8u3eW8u3eW8u3eW8u3eW8u3eW8u3eW8u3eW8u3eW8u3eW8u3eW8u3eW8u3eW8u3eW8u3eW8u3eW8u3eW8u3eW8u3eW8u3eW8u3eW8u3eW8u3eW8u3eW8u3eW8u3eW8u3eW8u3eW8u3eW8u3eW8u3eW8u3eW8u3eW8u3eW8u3eW8u3eW8u3eW8u3eW8u3eW8u3eW8u3eW8u3eW8u3eW8u3eW8u3eW8u3eW8u3eW8u3eW8u3eW8u3eW8u3eW8u3eW8u3eW8u3eW8u3eW8u3eW8u3eW8u3eW8u3eW8u3eW8u3eW8u3eW8u3eW8u3eW8u3eW8u3eW8u3eW8u3eW8u3eW8u3eW8u3eW8u3eW8u3eW8u3eW8u3eW8u3eW8u3eW8u3eW8u3eW8u3eW8u3eW8u3eW8u3eW8u3eW8u3eW8u3eW8u3eW8u3eW8u3eW8u3eW8u3eW8u3eW8u3eW8u3eW8u3eW8u3eW8u3eW8u3eW8u3eW8u3eW8u3eW8u3eW8u3eW8u3eW8u3eW8u3eW8u3eW8u3eW8u3eW8u3eW8u3eW8u3eW8u3eW8u3eW8u3eW8u3eW8u3eW8u3eW8u3eW8u3eW8u3eW8u3eW8u3eW8u3eW8u3eW8u3eW8u3eW8u3eW8u3eW8u3eW8u3eW8u3eW8u3eW8u3eW8u3eW8u3eW8u3eW8u3eW8u3eW8u3eW8u3eW8u3eW8u3eW8u3eW8u3eW8u3eW8u3eW8u3eW8u3eW8u3eW8u3eW8u3eW8u3eW8u3eW8u3eW8u3eW8u3eW8u3eW8u3eW8u3eW8u3eW8u3eW8u3eW8u3eW8u3eW8u3eW8u3eW8u3eW8u3eW8u3eW8u3eW8u3eW8u3eW8u3eW8u3eW8u3eW8u3eW8u3eW8u3eW8u3eW8u3eW8u3eW8u3eW8u3eW8u3eW8u3eW8u3eW8u3eW8u3eW8u3eW8u3eW8u3eW8u3eW8u3eW8u3eW8u3eW8u3eW8u3eW8u3eW8u3eW8u3eW8u3eW8u3eW8u3eW8u3eW8u3eW8u3eW8u3eW8u3eW8u3eW8u3eW8u3eW8u3eW8u3eW8u3eW8u3eW8u3eW8u3eW8u3eW8u3eW8u3eW8u3eW8u3eW8u3eW8u3eW8u3eW8u3eW8u3eW8u3eW8u3eW8u3eW8u3eW8u3eW8u3eW8u3eW8u3eW8u3eW8u3eW8u3eW8u3eW8u3eW8u3eW8u3eW8u3eW8u3eW8u3eW8u3eW8u3eW8u3eW8u3eW8u3eW8u3eW8u3eW8u3eW8u3eW8u3eW8u3eW8u3eW8u3eW8u3eW8u3eW8u3eW8u3eW8u3eW8u3eW8u3eW8u3eW8u3eW8u3eW8u3eW8u3eW8u3eW8u3eW8u3eW8u3eW8u3eW8u3eW8u3eW8u3eW8u3eW8u3eW8u3eW8u3eW8u3eW8u3eW8u3eW8u3eW8u3eW8u3eW8u3eW8u3eW8u3eW8u3eW8u3eW8u3eW8u3eW8u3eW8u3eW8u3eW8u3eW8u3eW8u3eW8u3eW8u3eW8u3eW8u3eW8u3eW8u3eW8u3eW8u3eW8u3eW8u3eW8u3eW8u3eW8u3eW8u3eW8u3eW8u3eW8u3eW8u3eW8u3eW8u3eW8u3eW8u3eW8u3eW8u3eW8u3eW8u3eW8u3eW8u3eW8u3eW8u3eW8u3eW8u3eW8u3eW8u3eW8u3eW8u3eW8u3eW8u3eW8u3eW8u3eW8u3eW8u3eW8u3eW8u3eW8u3eW8u3eW8u3eW8u3eW8u3eW8u3eW8u3eW8u3eW8u3eW8u3eW8u3eW8u3eW8u3eW8u3eW8u3eW8u3eW8u3eW8u3eW8u3eW8u3eW8u3eW8u3eW8u3eW8u3eW8u3eW8u3eW8u3eW8u3eW8u3eW8u3eW8u3eW8u3eW8u3eW8u3eW8u3eW8u3eW8u3eW8u3eW8u3eW8u3eW8u3eW8u3eW8u3eW8u3eW8u3eW8u3eW8u3eW8u3eW8u3eW8u3eW8u3eW8u3eW8u3eW8u3eW8u3eW8u3eW8u3eW8u3eW8u3eW8u3eW8u3eW8u3eW8u3eW8u3eW8u3eW8u3eW8u3eW8u3eW8u3eW8u3eW8u3eW8u3eW8u3eW8u3eW8u3eW8u3eW8u3eW8u3eW8u3eW8u3eW8u3eW8u3eW8u3eW8u3eW8u3eW8u3eW8u3eW8u3eW8u3eW8u3eW8u3eW8u3eW8u3eW8u3eW8u3eW8u3eW8u3eW8u3eW8u3eW8u3eW8u3eW8u3eW8u3eW8u3eW8u3eW8u3eW8u3eW8u3eW8u3eW8u3eW8u3eW8u3eW8u3eW8u3eW8u3eW8u3eW8u3eW8u3eW8u3eW8u3eW8u3eW8u3eW8u3eW8u3eW8u3eW8u3eW8u3eW8u3eW8u3eW8u3eW8u3eW8u3eW8u3eW8u3eW8u3eW8u3eW8u3eW8u3eW8u3eW8u3eW8u3eW8u3eW8u3eW8u3eW8u3eW8u3eW8u3eW8u3eW8u3eW8u3eW8u3eW8u3eW8u3eW8u3eW8u3eW8u3eW8u3eW8u3eW8u3eW8u3eW8u3eW8u3eW8u3eW8u3eW8u3eW8u3eW8u3eW8u3eW8u3eW8u3eW8u3eW8u3eW8u3eW8u3eW8u3eW8u3eW8u3eW8u3eW8u3eW8u3eW8u3eW8u3eW8u3eW8u3eW8u3eW8u3eW8u3eW8u3eW8u3eW8u3eW8u3eW8u3eW8u3eW8u3eW8u3eW8u3eW8u3eW8u3eW8u3eW8u3eW8u3eW8u3eW8u3eW8u3eW8u3eW8u3eW8u3eW8u3eW8u3eW8u3eW8u3eW8u3eW8u3eW8u3eW8u3eW8u3eW8u3eW8u3eW8u3eW8u3eW8u3eW8u3eW8u3eW8u3eW8u3eW8u3eW8u3eW8u3eW8u3eW8u3eW8u3eW8u3eW8u3eW8u3eW8u3eW8u3eW8u3eW8u3eW8u3eW8u3eW8u3eW8u3eW8u3eW8u3eW8u3eW8u3eW8u3eW8u3eW8u3eW8u3eW8u3eW8u3eW8u3eW8u3eW8u3eW8u3eW8u3eW8u3eW8u3eW8u3eW8u3eW8u3eW8u3eW8u3eW8u3eW8u3eW8u3eW8u3eW8u3eW8u3eW8u3eW8u3eW8u3eW8u3eW8u3eW8u3eW8u3eW8u3eW8u3eW8u3eW8u3eW8u3eW8u3eW8u3eW8u3eW8u3eW8u3eW8u3eW8u3eW8u3eW8u3eW8u3eW8u3eW8u3eW8u3eW8u3eW8u3eW8u3eW8u3eW8u3eW8u3eW8u3eW8u3eW8u3eW8u3eW8u3eW8u3eW8u3eW8u3eW8u3eW8u3eW8u3eW8u3eW8u3eW8u3eW8u3eW8u3eW8u3eW8u3eW8u3eW8u3eW8u3eW8u3eW8u3eW8u3eW8u3eW8u3eW8u3eW8u3eW8u3eW8u3eW8u3eW8u3eW8u3eW8u3eW8u3eW8u3eW8u3eW8u3eW8u3eW8u3eW8u3eW8u3eW8u3eW8u3eW8u3eW8u3eW8u3eW8u3eW8u3eW8u3eW8u3eW8u3eW8u3eW8u3eW8u3eW8u3eW8u3eW8u3eW8u3eW8u3eW8u3eW8u3eW8u3eW8u3eW8u3eW8u3eW8u3eW8u3eW8u3eW8u3eW8u3eW8u3eW8u3eW8u3eW8u3eW8u3eW8u3eW8u3eW8u3eW8u3eW8u3eW8u3eW8u3eW8u3eW8u3eW8u3eW8u3eW8u3eW8u3eW8u3eW8u3eW8u3eW8u3eW8u3eW8u3eW8u3eW8u3eW8u3eW8u3eW8u3eW8u3eW8u3eW8u3eW8u3eW8u3eW8u3eW8u3eW8u3eW8u3eW8u3eW8u3eW8u3eW8u3eW8u3eW8u3eW8u3eW8u3eW8u3eW8u3eW8u3eW8u3eW8u3eW8u3eW8u3eW8u3eW8u3eW8u3eW8u3eW8u3eW8u3eW8u3eW8u3eW8u3eW8u3eW8u3eW8u3eW8u3eW8u3eW8u3eW8u3eW8u3eW8u3eW8u3eW8u3eW8u3eW8u3eW8u3eW8u3eW8u3eW8u3eW8u3eW8u3eW8u3eW8u3eW8u3eW8u3eW8u3eW8u3eW8u3eW8u3eW8u3eW8u3eW8u3eW8u3eW8u3eW8u3eW8u3eW8u3eW8u3eW8u3eW8u3eW8u3eW8u3eW8u3eW8u3eW8u3eW8u3eW8u3eW8u3eW8u3eW8u3eW8u3eW8u3eW8u3eW8u3eW8u3eW8u3eW8u3eW8u3eW8u3eW8u3eW8u3eW8u3eW8u3eW8u3eW8u3eW8u3eW8u3eW8u3eW8u3eW8u3eW8u3eW8u3eW8u3eW8u3eW8u3eW8u3eW8u3eW8u3eW8u3eW8u3eW8u3eW8u3eW8u3eW8u3eW8u3eW8u3eW8u3eW8u3eW8u3eW8u3eW8u3eW8u3eW8u3eW8u3eW8u3eW8u3eW8u3eW8u3eW8u3eW8u3eW8u3eW8u3eW8u3eW8u3eW8u3eW8u3eW8u3eW8u3eW8u3eW8u3eW8u3eW8u3eW8u3eW8u3eW8u3eW8u3eW8u3eW8u3eW8u3eW8u3eW8u3eW8u3eW8u3eW8u3eW8u3eW8u3eW8u3eW8u3eW8u3eW8u3eW8u3eW8u3eW8u3eW8u3eW8u3eW8u3eW8u3eW8u3eW8u3eW8u3eW8u3eW8u3eW8u3eW8u3eW8u3eW8u3eW8u3eW8u3eW8u3eW8u3eW8u3eW8u3eW8u3eW8u3eW8u3eW8u3eW8u3eW8u3eW8u3eW8u3eW8u3eW8u3eW8u3eW8u3eW8u3eW8u3eW8u3eW8u3eW8u3eW8u3eW8u3eW8u3eW8u3eW8u3eW8u3eW8u3eW8u3eW8u3eW8u3eW8u3eW8u3eW8u3eW8u3eW8u3eW8u3eW8u3eW8u3eW8u3eW8u3eW8u3eW8u3eW8u3eW8u3eW8u3eW8u3eW8u3eW8u3eW8u3eW8u3eW8u3eW8u3eW8u3eW8u3eW8u3eW8u3eW8u3eW8u3eW8u3eW8u3eW8u3eW8u3eW8u3eW8u3eW8u3eW8u3eW8u3eW8u3eW8u3eW8u3eW8u3eW8u3eW8u3eW8u3eW8u3eW8u3eW8u3eW8u3eW8u3eW8u3eW8u3eW8u3eW8u3eW8u3eW8u3eW8u3eW8u3eW8u3eW8u3eW8u3eW8u3eW8u3eW8u3eW8u3eW8u3eW8u3eW8u3eW8u3eW8u3eW8u3eW8u3eW8u3eW8u3eW8u3eW8u3eW8u3eW8u3eW8u3eW8u3eW8u3eW8u3eW8u3eW8u3eW8u3eW8u3eW8u3eW8u3eW8u3eW8u3eW8u3eW8u3eW8u3eW8u3eW8u3eW8u3eW8u3eW8u3eW8u3eW8u3eW8u3eW8u3eW8u3eW8u3eW8u3eW8u3eW8u3eW8u3eW8u3eW8u3eW8u3eW8u3eW8u3eW8u3eW8u3eW8u3eW8u3eW8u3eW8u3eW8u3eW8u3eW8u3eW8u3eW8u3eW8u3eW8u3eW8u3eW8u3eW8u3eW8u3eW8u3eW8u3eW8u3eW8u3eW8u3eW8u3eW8u3eW8u3eW8u3eW8u3eW8u3eW8u3eW8u3eW8u3eW8u3eW8u3eW8u3eW8u3eW8u3eW8u3eW8u3eW8u3eW8u3eW8u3eW8u3eW8u3eW8u3eW8u3eW8u3eW8u3eW8u3eW8u3eW8u3eW8u3eW8u3eW8u3eW8u3eW8u3eW8u3eW8u3eW8u3eW8u3eW8u3eW8u3eW8u3eW8u3eW8u3eW8u3eW8u3eW8u3eW8u3eW8u3eW8u3eW8u3eW8u3eW8u3eW8u3eW8u3eW8u3eW8u3eW8u3eW8u3eW8u3eW8u3eW8u3eW8u3eW8u3eW8u3eW8u3eW8u3eW8u3eW8u3eW8u3eW8u3eW8u3eW8u3eW8u3eW8u3eW8u3eW8u3eW8u3eW8u3eW8u3eW8u3eW8u3eW8u3eW8u3eW8u3eW8u3eW8u3eW8u3eW8u3eW8u3eW8u3eW8u3eW8u3eW8u3eW8u3eW8u3eW8u3eW8u3eW8u3eW8u3eW8u3eW8u3eW8u3eW8u3eW8u3eW8u3eW8u3eW8u3eW8u3eW8u3eW8u3eW8u3eW8u3eW8u3eW8u3eW8u3eW8u3eW8u3eW8u3eW8u3eW8u3eW8u3eW8u3eW8u3eW8u3eW8u3eW8u3eW8u3eW8u3eW8u3eW8u3eW8u3eW8u3eW8u3eW8u3eW8u3eW8u3eW8u3eW8u3eW8u3eW8u3eW8u3eW8u3eW8u3eW8u3eW8u3eW8u3eW8u3eW8u3eW8u3eW8u3eW8u3eW8u3eW8u3eW8u3eW8u3eW8u3eW8u3eW8u3eW8u3eW8u3eW8u3eW8u3eW8u3eW8u3eW8u3eW8u3eW8u3eW8u3eW8u3eW8u3eW8u3eW8u3eW8u3eW8u3eW8u3eW8u3eW8u3eW8u3eW8u3eW8u3eW8u3eW8u3eW8u3eW8u3eW8u3eW8u3eW8u3eW8u3eW8u3eW8u3eW8u3eW8u3eW8u3eW8u3eW8u3eW8u3eW8u3eW8u3eW8u3eW8u3eW8u3eW8u3eW8u3eW8u3eW8u3eW8u3eW8u3eW8u3eW8u3eW8u3eW8u3eW8u3eW8u3eW8u3eW8u3eW8u3eW8u3eW8u3eW8u3eW8u3eW8u3eW8u3eW8u3eW8u3eW8u3eW8u3eW8u3eW8u3eW8u3eW8u3eW8u3eW8u3eW8u3eW8u3eW8u3eW8u3eW8u3eW8u3eW8u3eW8u3eW8u3eW8u3eW8u3eW8u3eW8u3eW8u3eW8u3eW8u3eW8u3eW8u3eW8u3eW8u3eW8u3eW8u3eW8u3eW8u3eW8u3eW8u3eW8u3eW8u3eW8u3eW8u3eW8u3eW8u3eW8u3eW8u3eW8u3eW8u3eW8u3eW8u3eW8u3eW8u3eW8u3eW8u3eW8u3eW8u3eW8u3eW
